
Microsoft Visual Studio Solution File, Format Version 11.00
# Visual Studio 2010
Project("{FAE04EC0-301F-11D3-BF4B-00C04F79EFBC}") = "AsynchronousExecusion", "AsynchronousExecusion\AsynchronousExecusion.csproj", "{E9458E27-D5F0-4388-AB0A-9F19F425A496}"
EndProject
Global
	GlobalSection(SolutionConfigurationPlatforms) = preSolution
		Debug|Any CPU = Debug|Any CPU
		Release|Any CPU = Release|Any CPU
	EndGlobalSection
	GlobalSection(ProjectConfigurationPlatforms) = postSolution
		{E9458E27-D5F0-4388-AB0A-9F19F425A496}.Debug|Any CPU.ActiveCfg = Debug|Any CPU
		{E9458E27-D5F0-4388-AB0A-9F19F425A496}.Debug|Any CPU.Build.0 = Debug|Any CPU
		{E9458E27-D5F0-4388-AB0A-9F19F425A496}.Release|Any CPU.ActiveCfg = Release|Any CPU
		{E9458E27-D5F0-4388-AB0A-9F19F425A496}.Release|Any CPU.Build.0 = Release|Any CPU
	EndGlobalSection
	GlobalSection(SolutionProperties) = preSolution
		HideSolutionNode = FALSE
	EndGlobalSection
EndGlobal
